
Microsoft Visual Studio Solution File, Format Version 12.00
# Visual Studio Version 16
VisualStudioVersion = 16.0.29609.76
MinimumVisualStudioVersion = 10.0.40219.1
Project("{9A19103F-16F7-4668-BE54-9A1E7A4F7556}") = "ConsoleApp1", "ConsoleApp1\ConsoleApp1.csproj", "{4F9857F0-7B61-4153-8E35-5E5EEC4BD3B4}"
EndProject
Project("{9A19103F-16F7-4668-BE54-9A1E7A4F7556}") = "Acme.MultiTenant.EFDAL", "Acme.MultiTenant.EFDAL\Acme.MultiTenant.EFDAL.csproj", "{CFB21935-D2A2-4C98-814D-24342FCB0F9E}"
EndProject
Project("{9A19103F-16F7-4668-BE54-9A1E7A4F7556}") = "Acme.MultiTenant.Install", "Acme.MultiTenant.Install\Acme.MultiTenant.Install.csproj", "{6B66E7F6-1206-4756-BDB8-80636512674C}"
EndProject
Project("{FAE04EC0-301F-11D3-BF4B-00C04F79EFBC}") = "Acme.MultiTenant.API", "Acme.MultiTenant.API\Acme.MultiTenant.API.csproj", "{44C968C9-9874-48C2-9353-F83A46924AC1}"
EndProject
Global
	GlobalSection(SolutionConfigurationPlatforms) = preSolution
		Debug|Any CPU = Debug|Any CPU
		Release|Any CPU = Release|Any CPU
	EndGlobalSection
	GlobalSection(ProjectConfigurationPlatforms) = postSolution
		{4F9857F0-7B61-4153-8E35-5E5EEC4BD3B4}.Debug|Any CPU.ActiveCfg = Debug|Any CPU
		{4F9857F0-7B61-4153-8E35-5E5EEC4BD3B4}.Debug|Any CPU.Build.0 = Debug|Any CPU
		{4F9857F0-7B61-4153-8E35-5E5EEC4BD3B4}.Release|Any CPU.ActiveCfg = Release|Any CPU
		{4F9857F0-7B61-4153-8E35-5E5EEC4BD3B4}.Release|Any CPU.Build.0 = Release|Any CPU
		{CFB21935-D2A2-4C98-814D-24342FCB0F9E}.Debug|Any CPU.ActiveCfg = Debug|Any CPU
		{CFB21935-D2A2-4C98-814D-24342FCB0F9E}.Debug|Any CPU.Build.0 = Debug|Any CPU
		{CFB21935-D2A2-4C98-814D-24342FCB0F9E}.Release|Any CPU.ActiveCfg = Release|Any CPU
		{CFB21935-D2A2-4C98-814D-24342FCB0F9E}.Release|Any CPU.Build.0 = Release|Any CPU
		{6B66E7F6-1206-4756-BDB8-80636512674C}.Debug|Any CPU.ActiveCfg = Debug|Any CPU
		{6B66E7F6-1206-4756-BDB8-80636512674C}.Debug|Any CPU.Build.0 = Debug|Any CPU
		{6B66E7F6-1206-4756-BDB8-80636512674C}.Release|Any CPU.ActiveCfg = Release|Any CPU
		{6B66E7F6-1206-4756-BDB8-80636512674C}.Release|Any CPU.Build.0 = Release|Any CPU
		{44C968C9-9874-48C2-9353-F83A46924AC1}.Debug|Any CPU.ActiveCfg = Debug|Any CPU
		{44C968C9-9874-48C2-9353-F83A46924AC1}.Debug|Any CPU.Build.0 = Debug|Any CPU
		{44C968C9-9874-48C2-9353-F83A46924AC1}.Release|Any CPU.ActiveCfg = Release|Any CPU
		{44C968C9-9874-48C2-9353-F83A46924AC1}.Release|Any CPU.Build.0 = Release|Any CPU
	EndGlobalSection
	GlobalSection(SolutionProperties) = preSolution
		HideSolutionNode = FALSE
	EndGlobalSection
	GlobalSection(ExtensibilityGlobals) = postSolution
		SolutionGuid = {76C68A46-72E6-418C-9E2F-F24A6831A45F}
	EndGlobalSection
EndGlobal
